// !$*UTF8*$!
{
	archiveVersion = 1;
	classes = {
	};
	objectVersion = 56;
	objects = {

/* Begin PBXBuildFile section */
		4F8268342A797478003BBD13 /* AI.swift in Sources */ = {isa = PBXBuildFile; fileRef = 4F8268332A797478003BBD13 /* AI.swift */; };
		4F8268372A797953003BBD13 /* ChatGPTKit in Frameworks */ = {isa = PBXBuildFile; productRef = 4F8268362A797953003BBD13 /* ChatGPTKit */; };
		4F8268392A7DAEE3003BBD13 /* Speech.swift in Sources */ = {isa = PBXBuildFile; fileRef = 4F8268382A7DAEE3003BBD13 /* Speech.swift */; };
		4FF34C5E2A6FB7EA0059ACB3 /* ChunglerApp.swift in Sources */ = {isa = PBXBuildFile; fileRef = 4FF34C5D2A6FB7EA0059ACB3 /* ChunglerApp.swift */; };
		4FF34C602A6FB7EA0059ACB3 /* ContentView.swift in Sources */ = {isa = PBXBuildFile; fileRef = 4FF34C5F2A6FB7EA0059ACB3 /* ContentView.swift */; };
		4FF34C622A6FB7EB0059ACB3 /* Assets.xcassets in Resources */ = {isa = PBXBuildFile; fileRef = 4FF34C612A6FB7EB0059ACB3 /* Assets.xcassets */; };
		4FF34C662A6FB7EB0059ACB3 /* Preview Assets.xcassets in Resources */ = {isa = PBXBuildFile; fileRef = 4FF34C652A6FB7EB0059ACB3 /* Preview Assets.xcassets */; };
		4FF34C702A6FB7EB0059ACB3 /* ChunglerTests.swift in Sources */ = {isa = PBXBuildFile; fileRef = 4FF34C6F2A6FB7EB0059ACB3 /* ChunglerTests.swift */; };
		4FF34C7A2A6FB7EB0059ACB3 /* ChunglerUITests.swift in Sources */ = {isa = PBXBuildFile; fileRef = 4FF34C792A6FB7EB0059ACB3 /* ChunglerUITests.swift */; };
		4FF34C7C2A6FB7EB0059ACB3 /* ChunglerUITestsLaunchTests.swift in Sources */ = {isa = PBXBuildFile; fileRef = 4FF34C7B2A6FB7EB0059ACB3 /* ChunglerUITestsLaunchTests.swift */; };
/* End PBXBuildFile section */

/* Begin PBXContainerItemProxy section */
		4FF34C6C2A6FB7EB0059ACB3 /* PBXContainerItemProxy */ = {
			isa = PBXContainerItemProxy;
			containerPortal = 4FF34C522A6FB7EA0059ACB3 /* Project object */;
			proxyType = 1;
			remoteGlobalIDString = 4FF34C592A6FB7EA0059ACB3;
			remoteInfo = Chungler;
		};
		4FF34C762A6FB7EB0059ACB3 /* PBXContainerItemProxy */ = {
			isa = PBXContainerItemProxy;
			containerPortal = 4FF34C522A6FB7EA0059ACB3 /* Project object */;
			proxyType = 1;
			remoteGlobalIDString = 4FF34C592A6FB7EA0059ACB3;
			remoteInfo = Chungler;
		};
/* End PBXContainerItemProxy section */

/* Begin PBXFileReference section */
		4F8268332A797478003BBD13 /* AI.swift */ = {isa = PBXFileReference; lastKnownFileType = sourcecode.swift; path = AI.swift; sourceTree = "<group>"; };
		4F8268382A7DAEE3003BBD13 /* Speech.swift */ = {isa = PBXFileReference; lastKnownFileType = sourcecode.swift; path = Speech.swift; sourceTree = "<group>"; };
		4FF34C5A2A6FB7EA0059ACB3 /* Chungler.app */ = {isa = PBXFileReference; explicitFileType = wrapper.application; includeInIndex = 0; path = Chungler.app; sourceTree = BUILT_PRODUCTS_DIR; };
		4FF34C5D2A6FB7EA0059ACB3 /* ChunglerApp.swift */ = {isa = PBXFileReference; lastKnownFileType = sourcecode.swift; path = ChunglerApp.swift; sourceTree = "<group>"; };
		4FF34C5F2A6FB7EA0059ACB3 /* ContentView.swift */ = {isa = PBXFileReference; lastKnownFileType = sourcecode.swift; path = ContentView.swift; sourceTree = "<group>"; };
		4FF34C612A6FB7EB0059ACB3 /* Assets.xcassets */ = {isa = PBXFileReference; lastKnownFileType = folder.assetcatalog; path = Assets.xcassets; sourceTree = "<group>"; };
		4FF34C632A6FB7EB0059ACB3 /* Chungler.entitlements */ = {isa = PBXFileReference; lastKnownFileType = text.plist.entitlements; path = Chungler.entitlements; sourceTree = "<group>"; };
		4FF34C652A6FB7EB0059ACB3 /* Preview Assets.xcassets */ = {isa = PBXFileReference; lastKnownFileType = folder.assetcatalog; path = "Preview Assets.xcassets"; sourceTree = "<group>"; };
		4FF34C6B2A6FB7EB0059ACB3 /* ChunglerTests.xctest */ = {isa = PBXFileReference; explicitFileType = wrapper.cfbundle; includeInIndex = 0; path = ChunglerTests.xctest; sourceTree = BUILT_PRODUCTS_DIR; };
		4FF34C6F2A6FB7EB0059ACB3 /* ChunglerTests.swift */ = {isa = PBXFileReference; lastKnownFileType = sourcecode.swift; path = ChunglerTests.swift; sourceTree = "<group>"; };
		4FF34C752A6FB7EB0059ACB3 /* ChunglerUITests.xctest */ = {isa = PBXFileReference; explicitFileType = wrapper.cfbundle; includeInIndex = 0; path = ChunglerUITests.xctest; sourceTree = BUILT_PRODUCTS_DIR; };
		4FF34C792A6FB7EB0059ACB3 /* ChunglerUITests.swift */ = {isa = PBXFileReference; lastKnownFileType = sourcecode.swift; path = ChunglerUITests.swift; sourceTree = "<group>"; };
		4FF34C7B2A6FB7EB0059ACB3 /* ChunglerUITestsLaunchTests.swift */ = {isa = PBXFileReference; lastKnownFileType = sourcecode.swift; path = ChunglerUITestsLaunchTests.swift; sourceTree = "<group>"; };
/* End PBXFileReference section */

/* Begin PBXFrameworksBuildPhase section */
		4FF34C572A6FB7EA0059ACB3 /* Frameworks */ = {
			isa = PBXFrameworksBuildPhase;
			buildActionMask = 2147483647;
			files = (
				4F8268372A797953003BBD13 /* ChatGPTKit in Frameworks */,
			);
			runOnlyForDeploymentPostprocessing = 0;
		};
		4FF34C682A6FB7EB0059ACB3 /* Frameworks */ = {
			isa = PBXFrameworksBuildPhase;
			buildActionMask = 2147483647;
			files = (
			);
			runOnlyForDeploymentPostprocessing = 0;
		};
		4FF34C722A6FB7EB0059ACB3 /* Frameworks */ = {
			isa = PBXFrameworksBuildPhase;
			buildActionMask = 2147483647;
			files = (
			);
			runOnlyForDeploymentPostprocessing = 0;
		};
/* End PBXFrameworksBuildPhase section */

/* Begin PBXGroup section */
		4FF34C512A6FB7EA0059ACB3 = {
			isa = PBXGroup;
			children = (
				4FF34C5C2A6FB7EA0059ACB3 /* Chungler */,
				4FF34C6E2A6FB7EB0059ACB3 /* ChunglerTests */,
				4FF34C782A6FB7EB0059ACB3 /* ChunglerUITests */,
				4FF34C5B2A6FB7EA0059ACB3 /* Products */,
			);
			sourceTree = "<group>";
		};
		4FF34C5B2A6FB7EA0059ACB3 /* Products */ = {
			isa = PBXGroup;
			children = (
				4FF34C5A2A6FB7EA0059ACB3 /* Chungler.app */,
				4FF34C6B2A6FB7EB0059ACB3 /* ChunglerTests.xctest */,
				4FF34C752A6FB7EB0059ACB3 /* ChunglerUITests.xctest */,
			);
			name = Products;
			sourceTree = "<group>";
		};
		4FF34C5C2A6FB7EA0059ACB3 /* Chungler */ = {
			isa = PBXGroup;
			children = (
				4F8268332A797478003BBD13 /* AI.swift */,
				4F8268382A7DAEE3003BBD13 /* Speech.swift */,
				4FF34C5D2A6FB7EA0059ACB3 /* ChunglerApp.swift */,
				4FF34C5F2A6FB7EA0059ACB3 /* ContentView.swift */,
				4FF34C612A6FB7EB0059ACB3 /* Assets.xcassets */,
				4FF34C632A6FB7EB0059ACB3 /* Chungler.entitlements */,
				4FF34C642A6FB7EB0059ACB3 /* Preview Content */,
			);
			path = Chungler;
			sourceTree = "<group>";
		};
		4FF34C642A6FB7EB0059ACB3 /* Preview Content */ = {
			isa = PBXGroup;
			children = (
				4FF34C652A6FB7EB0059ACB3 /* Preview Assets.xcassets */,
			);
			path = "Preview Content";
			sourceTree = "<group>";
		};
		4FF34C6E2A6FB7EB0059ACB3 /* ChunglerTests */ = {
			isa = PBXGroup;
			children = (
				4FF34C6F2A6FB7EB0059ACB3 /* ChunglerTests.swift */,
			);
			path = ChunglerTests;
			sourceTree = "<group>";
		};
		4FF34C782A6FB7EB0059ACB3 /* ChunglerUITests */ = {
			isa = PBXGroup;
			children = (
				4FF34C792A6FB7EB0059ACB3 /* ChunglerUITests.swift */,
				4FF34C7B2A6FB7EB0059ACB3 /* ChunglerUITestsLaunchTests.swift */,
			);
			path = ChunglerUITests;
			sourceTree = "<group>";
		};
/* End PBXGroup section */

/* Begin PBXNativeTarget section */
		4FF34C592A6FB7EA0059ACB3 /* Chungler */ = {
			isa = PBXNativeTarget;
			buildConfigurationList = 4FF34C7F2A6FB7EB0059ACB3 /* Build configuration list for PBXNativeTarget "Chungler" */;
			buildPhases = (
				4FF34C562A6FB7EA0059ACB3 /* Sources */,
				4FF34C572A6FB7EA0059ACB3 /* Frameworks */,
				4FF34C582A6FB7EA0059ACB3 /* Resources */,
			);
			buildRules = (
			);
			dependencies = (
			);
			name = Chungler;
			packageProductDependencies = (
				4F8268362A797953003BBD13 /* ChatGPTKit */,
			);
			productName = Chungler;
			productReference = 4FF34C5A2A6FB7EA0059ACB3 /* Chungler.app */;
			productType = "com.apple.product-type.application";
		};
		4FF34C6A2A6FB7EB0059ACB3 /* ChunglerTests */ = {
			isa = PBXNativeTarget;
			buildConfigurationList = 4FF34C822A6FB7EB0059ACB3 /* Build configuration list for PBXNativeTarget "ChunglerTests" */;
			buildPhases = (
				4FF34C672A6FB7EB0059ACB3 /* Sources */,
				4FF34C682A6FB7EB0059ACB3 /* Frameworks */,
				4FF34C692A6FB7EB0059ACB3 /* Resources */,
			);
			buildRules = (
			);
			dependencies = (
				4FF34C6D2A6FB7EB0059ACB3 /* PBXTargetDependency */,
			);
			name = ChunglerTests;
			productName = ChunglerTests;
			productReference = 4FF34C6B2A6FB7EB0059ACB3 /* ChunglerTests.xctest */;
			productType = "com.apple.product-type.bundle.unit-test";
		};
		4FF34C742A6FB7EB0059ACB3 /* ChunglerUITests */ = {
			isa = PBXNativeTarget;
			buildConfigurationList = 4FF34C852A6FB7EB0059ACB3 /* Build configuration list for PBXNativeTarget "ChunglerUITests" */;
			buildPhases = (
				4FF34C712A6FB7EB0059ACB3 /* Sources */,
				4FF34C722A6FB7EB0059ACB3 /* Frameworks */,
				4FF34C732A6FB7EB0059ACB3 /* Resources */,
			);
			buildRules = (
			);
			dependencies = (
				4FF34C772A6FB7EB0059ACB3 /* PBXTargetDependency */,
			);
			name = ChunglerUITests;
			productName = ChunglerUITests;
			productReference = 4FF34C752A6FB7EB0059ACB3 /* ChunglerUITests.xctest */;
			productType = "com.apple.product-type.bundle.ui-testing";
		};
/* End PBXNativeTarget section */

/* Begin PBXProject section */
		4FF34C522A6FB7EA0059ACB3 /* Project object */ = {
			isa = PBXProject;
			attributes = {
				BuildIndependentTargetsInParallel = 1;
				LastSwiftUpdateCheck = 1430;
				LastUpgradeCheck = 1430;
				TargetAttributes = {
					4FF34C592A6FB7EA0059ACB3 = {
						CreatedOnToolsVersion = 14.3.1;
					};
					4FF34C6A2A6FB7EB0059ACB3 = {
						CreatedOnToolsVersion = 14.3.1;
						TestTargetID = 4FF34C592A6FB7EA0059ACB3;
					};
					4FF34C742A6FB7EB0059ACB3 = {
						CreatedOnToolsVersion = 14.3.1;
						TestTargetID = 4FF34C592A6FB7EA0059ACB3;
					};
				};
			};
			buildConfigurationList = 4FF34C552A6FB7EA0059ACB3 /* Build configuration list for PBXProject "Chungler" */;
			compatibilityVersion = "Xcode 14.0";
			developmentRegion = en;
			hasScannedForEncodings = 0;
			knownRegions = (
				en,
				Base,
			);
			mainGroup = 4FF34C512A6FB7EA0059ACB3;
			packageReferences = (
				4F8268352A797953003BBD13 /* XCRemoteSwiftPackageReference "ChatGPTKit" */,
			);
			productRefGroup = 4FF34C5B2A6FB7EA0059ACB3 /* Products */;
			projectDirPath = "";
			projectRoot = "";
			targets = (
				4FF34C592A6FB7EA0059ACB3 /* Chungler */,
				4FF34C6A2A6FB7EB0059ACB3 /* ChunglerTests */,
				4FF34C742A6FB7EB0059ACB3 /* ChunglerUITests */,
			);
		};
/* End PBXProject section */

/* Begin PBXResourcesBuildPhase section */
		4FF34C582A6FB7EA0059ACB3 /* Resources */ = {
			isa = PBXResourcesBuildPhase;
			buildActionMask = 2147483647;
			files = (
				4FF34C662A6FB7EB0059ACB3 /* Preview Assets.xcassets in Resources */,
				4FF34C622A6FB7EB0059ACB3 /* Assets.xcassets in Resources */,
			);
			runOnlyForDeploymentPostprocessing = 0;
		};
		4FF34C692A6FB7EB0059ACB3 /* Resources */ = {
			isa = PBXResourcesBuildPhase;
			buildActionMask = 2147483647;
			files = (
			);
			runOnlyForDeploymentPostprocessing = 0;
		};
		4FF34C732A6FB7EB0059ACB3 /* Resources */ = {
			isa = PBXResourcesBuildPhase;
			buildActionMask = 2147483647;
			files = (
			);
			runOnlyForDeploymentPostprocessing = 0;
		};
/* End PBXResourcesBuildPhase section */

/* Begin PBXSourcesBuildPhase section */
		4FF34C562A6FB7EA0059ACB3 /* Sources */ = {
			isa = PBXSourcesBuildPhase;
			buildActionMask = 2147483647;
			files = (
				4FF34C602A6FB7EA0059ACB3 /* ContentView.swift in Sources */,
				4FF34C5E2A6FB7EA0059ACB3 /* ChunglerApp.swift in Sources */,
				4F8268342A797478003BBD13 /* AI.swift in Sources */,
				4F8268392A7DAEE3003BBD13 /* Speech.swift in Sources */,
			);
			runOnlyForDeploymentPostprocessing = 0;
		};
		4FF34C672A6FB7EB0059ACB3 /* Sources */ = {
			isa = PBXSourcesBuildPhase;
			buildActionMask = 2147483647;
			files = (
				4FF34C702A6FB7EB0059ACB3 /* ChunglerTests.swift in Sources */,
			);
			runOnlyForDeploymentPostprocessing = 0;
		};
		4FF34C712A6FB7EB0059ACB3 /* Sources */ = {
			isa = PBXSourcesBuildPhase;
			buildActionMask = 2147483647;
			files = (
				4FF34C7C2A6FB7EB0059ACB3 /* ChunglerUITestsLaunchTests.swift in Sources */,
				4FF34C7A2A6FB7EB0059ACB3 /* ChunglerUITests.swift in Sources */,
			);
			runOnlyForDeploymentPostprocessing = 0;
		};
/* End PBXSourcesBuildPhase section */

/* Begin PBXTargetDependency section */
		4FF34C6D2A6FB7EB0059ACB3 /* PBXTargetDependency */ = {
			isa = PBXTargetDependency;
			target = 4FF34C592A6FB7EA0059ACB3 /* Chungler */;
			targetProxy = 4FF34C6C2A6FB7EB0059ACB3 /* PBXContainerItemProxy */;
		};
		4FF34C772A6FB7EB0059ACB3 /* PBXTargetDependency */ = {
			isa = PBXTargetDependency;
			target = 4FF34C592A6FB7EA0059ACB3 /* Chungler */;
			targetProxy = 4FF34C762A6FB7EB0059ACB3 /* PBXContainerItemProxy */;
		};
/* End PBXTargetDependency section */

/* Begin XCBuildConfiguration section */
		4FF34C7D2A6FB7EB0059ACB3 /* Debug */ = {
			isa = XCBuildConfiguration;
			buildSettings = {
				ALWAYS_SEARCH_USER_PATHS = NO;
				CLANG_ANALYZER_NONNULL = YES;
				CLANG_ANALYZER_NUMBER_OBJECT_CONVERSION = YES_AGGRESSIVE;
				CLANG_CXX_LANGUAGE_STANDARD = "gnu++20";
				CLANG_ENABLE_MODULES = YES;
				CLANG_ENABLE_OBJC_ARC = YES;
				CLANG_ENABLE_OBJC_WEAK = YES;
				CLANG_WARN_BLOCK_CAPTURE_AUTORELEASING = YES;
				CLANG_WARN_BOOL_CONVERSION = YES;
				CLANG_WARN_COMMA = YES;
				CLANG_WARN_CONSTANT_CONVERSION = YES;
				CLANG_WARN_DEPRECATED_OBJC_IMPLEMENTATIONS = YES;
				CLANG_WARN_DIRECT_OBJC_ISA_USAGE = YES_ERROR;
				CLANG_WARN_DOCUMENTATION_COMMENTS = YES;
				CLANG_WARN_EMPTY_BODY = YES;
				CLANG_WARN_ENUM_CONVERSION = YES;
				CLANG_WARN_INFINITE_RECURSION = YES;
				CLANG_WARN_INT_CONVERSION = YES;
				CLANG_WARN_NON_LITERAL_NULL_CONVERSION = YES;
				CLANG_WARN_OBJC_IMPLICIT_RETAIN_SELF = YES;
				CLANG_WARN_OBJC_LITERAL_CONVERSION = YES;
				CLANG_WARN_OBJC_ROOT_CLASS = YES_ERROR;
				CLANG_WARN_QUOTED_INCLUDE_IN_FRAMEWORK_HEADER = YES;
				CLANG_WARN_RANGE_LOOP_ANALYSIS = YES;
				CLANG_WARN_STRICT_PROTOTYPES = YES;
				CLANG_WARN_SUSPICIOUS_MOVE = YES;
				CLANG_WARN_UNGUARDED_AVAILABILITY = YES_AGGRESSIVE;
				CLANG_WARN_UNREACHABLE_CODE = YES;
				CLANG_WARN__DUPLICATE_METHOD_MATCH = YES;
				COPY_PHASE_STRIP = NO;
				DEBUG_INFORMATION_FORMAT = dwarf;
				ENABLE_STRICT_OBJC_MSGSEND = YES;
				ENABLE_TESTABILITY = YES;
				GCC_C_LANGUAGE_STANDARD = gnu11;
				GCC_DYNAMIC_NO_PIC = NO;
				GCC_NO_COMMON_BLOCKS = YES;
				GCC_OPTIMIZATION_LEVEL = 0;
				GCC_PREPROCESSOR_DEFINITIONS = (
					"DEBUG=1",
					"$(inherited)",
				);
				GCC_WARN_64_TO_32_BIT_CONVERSION = YES;
				GCC_WARN_ABOUT_RETURN_TYPE = YES_ERROR;
				GCC_WARN_UNDECLARED_SELECTOR = YES;
				GCC_WARN_UNINITIALIZED_AUTOS = YES_AGGRESSIVE;
				GCC_WARN_UNUSED_FUNCTION = YES;
				GCC_WARN_UNUSED_VARIABLE = YES;
				MTL_ENABLE_DEBUG_INFO = INCLUDE_SOURCE;
				MTL_FAST_MATH = YES;
				ONLY_ACTIVE_ARCH = YES;
				SWIFT_ACTIVE_COMPILATION_CONDITIONS = DEBUG;
				SWIFT_OPTIMIZATION_LEVEL = "-Onone";
			};
			name = Debug;
		};
		4FF34C7E2A6FB7EB0059ACB3 /* Release */ = {
			isa = XCBuildConfiguration;
			buildSettings = {
				ALWAYS_SEARCH_USER_PATHS = NO;
				CLANG_ANALYZER_NONNULL = YES;
				CLANG_ANALYZER_NUMBER_OBJECT_CONVERSION = YES_AGGRESSIVE;
				CLANG_CXX_LANGUAGE_STANDARD = "gnu++20";
				CLANG_ENABLE_MODULES = YES;
				CLANG_ENABLE_OBJC_ARC = YES;
				CLANG_ENABLE_OBJC_WEAK = YES;
				CLANG_WARN_BLOCK_CAPTURE_AUTORELEASING = YES;
				CLANG_WARN_BOOL_CONVERSION = YES;
				CLANG_WARN_COMMA = YES;
				CLANG_WARN_CONSTANT_CONVERSION = YES;
				CLANG_WARN_DEPRECATED_OBJC_IMPLEMENTATIONS = YES;
				CLANG_WARN_DIRECT_OBJC_ISA_USAGE = YES_ERROR;
				CLANG_WARN_DOCUMENTATION_COMMENTS = YES;
				CLANG_WARN_EMPTY_BODY = YES;
				CLANG_WARN_ENUM_CONVERSION = YES;
				CLANG_WARN_INFINITE_RECURSION = YES;
				CLANG_WARN_INT_CONVERSION = YES;
				CLANG_WARN_NON_LITERAL_NULL_CONVERSION = YES;
				CLANG_WARN_OBJC_IMPLICIT_RETAIN_SELF = YES;
				CLANG_WARN_OBJC_LITERAL_CONVERSION = YES;
				CLANG_WARN_OBJC_ROOT_CLASS = YES_ERROR;
				CLANG_WARN_QUOTED_INCLUDE_IN_FRAMEWORK_HEADER = YES;
				CLANG_WARN_RANGE_LOOP_ANALYSIS = YES;
				CLANG_WARN_STRICT_PROTOTYPES = YES;
				CLANG_WARN_SUSPICIOUS_MOVE = YES;
				CLANG_WARN_UNGUARDED_AVAILABILITY = YES_AGGRESSIVE;
				CLANG_WARN_UNREACHABLE_CODE = YES;
				CLANG_WARN__DUPLICATE_METHOD_MATCH = YES;
				COPY_PHASE_STRIP = NO;
				DEBUG_INFORMATION_FORMAT = "dwarf-with-dsym";
				ENABLE_NS_ASSERTIONS = NO;
				ENABLE_STRICT_OBJC_MSGSEND = YES;
				GCC_C_LANGUAGE_STANDARD = gnu11;
				GCC_NO_COMMON_BLOCKS = YES;
				GCC_WARN_64_TO_32_BIT_CONVERSION = YES;
				GCC_WARN_ABOUT_RETURN_TYPE = YES_ERROR;
				GCC_WARN_UNDECLARED_SELECTOR = YES;
				GCC_WARN_UNINITIALIZED_AUTOS = YES_AGGRESSIVE;
				GCC_WARN_UNUSED_FUNCTION = YES;
				GCC_WARN_UNUSED_VARIABLE = YES;
				MTL_ENABLE_DEBUG_INFO = NO;
				MTL_FAST_MATH = YES;
				SWIFT_COMPILATION_MODE = wholemodule;
				SWIFT_OPTIMIZATION_LEVEL = "-O";
			};
			name = Release;
		};
		4FF34C802A6FB7EB0059ACB3 /* Debug */ = {
			isa = XCBuildConfiguration;
			buildSettings = {
				ASSETCATALOG_COMPILER_APPICON_NAME = AppIcon;
				ASSETCATALOG_COMPILER_GLOBAL_ACCENT_COLOR_NAME = AccentColor;
				CODE_SIGN_ENTITLEMENTS = Chungler/Chungler.entitlements;
				CODE_SIGN_STYLE = Automatic;
				CURRENT_PROJECT_VERSION = 1;
				DEVELOPMENT_ASSET_PATHS = "\"Chungler/Preview Content\"";
				DEVELOPMENT_TEAM = R6DR6B5C8B;
				ENABLE_HARDENED_RUNTIME = YES;
				ENABLE_PREVIEWS = YES;
				GENERATE_INFOPLIST_FILE = YES;
				"INFOPLIST_KEY_UIApplicationSceneManifest_Generation[sdk=iphoneos*]" = YES;
				"INFOPLIST_KEY_UIApplicationSceneManifest_Generation[sdk=iphonesimulator*]" = YES;
				"INFOPLIST_KEY_UIApplicationSupportsIndirectInputEvents[sdk=iphoneos*]" = YES;
				"INFOPLIST_KEY_UIApplicationSupportsIndirectInputEvents[sdk=iphonesimulator*]" = YES;
				"INFOPLIST_KEY_UILaunchScreen_Generation[sdk=iphoneos*]" = YES;
				"INFOPLIST_KEY_UILaunchScreen_Generation[sdk=iphonesimulator*]" = YES;
				"INFOPLIST_KEY_UIStatusBarStyle[sdk=iphoneos*]" = UIStatusBarStyleDefault;
				"INFOPLIST_KEY_UIStatusBarStyle[sdk=iphonesimulator*]" = UIStatusBarStyleDefault;
				INFOPLIST_KEY_UISupportedInterfaceOrientations_iPad = "UIInterfaceOrientationPortrait UIInterfaceOrientationPortraitUpsideDown UIInterfaceOrientationLandscapeLeft UIInterfaceOrientationLandscapeRight";
				INFOPLIST_KEY_UISupportedInterfaceOrientations_iPhone = "UIInterfaceOrientationPortrait UIInterfaceOrientationLandscapeLeft UIInterfaceOrientationLandscapeRight";
				IPHONEOS_DEPLOYMENT_TARGET = 16.4;
				LD_RUNPATH_SEARCH_PATHS = "@executable_path/Frameworks";
				"LD_RUNPATH_SEARCH_PATHS[sdk=macosx*]" = "@executable_path/../Frameworks";
				MACOSX_DEPLOYMENT_TARGET = 13.3;
				MARKETING_VERSION = 1.0;
				PRODUCT_BUNDLE_IDENTIFIER = com.menalto.Chungler;
				PRODUCT_NAME = "$(TARGET_NAME)";
				SDKROOT = auto;
				SUPPORTED_PLATFORMS = "iphoneos iphonesimulator macosx";
				SWIFT_EMIT_LOC_STRINGS = YES;
				SWIFT_VERSION = 5.0;
				TARGETED_DEVICE_FAMILY = "1,2";
			};
			name = Debug;
		};
		4FF34C812A6FB7EB0059ACB3 /* Release */ = {
			isa = XCBuildConfiguration;
			buildSettings = {
				ASSETCATALOG_COMPILER_APPICON_NAME = AppIcon;
				ASSETCATALOG_COMPILER_GLOBAL_ACCENT_COLOR_NAME = AccentColor;
				CODE_SIGN_ENTITLEMENTS = Chungler/Chungler.entitlements;
				CODE_SIGN_STYLE = Automatic;
				CURRENT_PROJECT_VERSION = 1;
				DEVELOPMENT_ASSET_PATHS = "\"Chungler/Preview Content\"";
				DEVELOPMENT_TEAM = R6DR6B5C8B;
				ENABLE_HARDENED_RUNTIME = YES;
				ENABLE_PREVIEWS = YES;
				GENERATE_INFOPLIST_FILE = YES;
				"INFOPLIST_KEY_UIApplicationSceneManifest_Generation[sdk=iphoneos*]" = YES;
				"INFOPLIST_KEY_UIApplicationSceneManifest_Generation[sdk=iphonesimulator*]" = YES;
				"INFOPLIST_KEY_UIApplicationSupportsIndirectInputEvents[sdk=iphoneos*]" = YES;
				"INFOPLIST_KEY_UIApplicationSupportsIndirectInputEvents[sdk=iphonesimulator*]" = YES;
				"INFOPLIST_KEY_UILaunchScreen_Generation[sdk=iphoneos*]" = YES;
				"INFOPLIST_KEY_UILaunchScreen_Generation[sdk=iphonesimulator*]" = YES;
				"INFOPLIST_KEY_UIStatusBarStyle[sdk=iphoneos*]" = UIStatusBarStyleDefault;
				"INFOPLIST_KEY_UIStatusBarStyle[sdk=iphonesimulator*]" = UIStatusBarStyleDefault;
				INFOPLIST_KEY_UISupportedInterfaceOrientations_iPad = "UIInterfaceOrientationPortrait UIInterfaceOrientationPortraitUpsideDown UIInterfaceOrientationLandscapeLeft UIInterfaceOrientationLandscapeRight";
				INFOPLIST_KEY_UISupportedInterfaceOrientations_iPhone = "UIInterfaceOrientationPortrait UIInterfaceOrientationLandscapeLeft UIInterfaceOrientationLandscapeRight";
				IPHONEOS_DEPLOYMENT_TARGET = 16.4;
				LD_RUNPATH_SEARCH_PATHS = "@executable_path/Frameworks";
				"LD_RUNPATH_SEARCH_PATHS[sdk=macosx*]" = "@executable_path/../Frameworks";
				MACOSX_DEPLOYMENT_TARGET = 13.3;
				MARKETING_VERSION = 1.0;
				PRODUCT_BUNDLE_IDENTIFIER = com.menalto.Chungler;
				PRODUCT_NAME = "$(TARGET_NAME)";
				SDKROOT = auto;
				SUPPORTED_PLATFORMS = "iphoneos iphonesimulator macosx";
				SWIFT_EMIT_LOC_STRINGS = YES;
				SWIFT_VERSION = 5.0;
				TARGETED_DEVICE_FAMILY = "1,2";
			};
			name = Release;
		};
		4FF34C832A6FB7EB0059ACB3 /* Debug */ = {
			isa = XCBuildConfiguration;
			buildSettings = {
				ALWAYS_EMBED_SWIFT_STANDARD_LIBRARIES = YES;
				BUNDLE_LOADER = "$(TEST_HOST)";
				CODE_SIGN_STYLE = Automatic;
				CURRENT_PROJECT_VERSION = 1;
				DEVELOPMENT_TEAM = R6DR6B5C8B;
				GENERATE_INFOPLIST_FILE = YES;
				IPHONEOS_DEPLOYMENT_TARGET = 16.4;
				MACOSX_DEPLOYMENT_TARGET = 13.3;
				MARKETING_VERSION = 1.0;
				PRODUCT_BUNDLE_IDENTIFIER = com.menalto.ChunglerTests;
				PRODUCT_NAME = "$(TARGET_NAME)";
				SDKROOT = auto;
				SUPPORTED_PLATFORMS = "iphoneos iphonesimulator macosx";
				SWIFT_EMIT_LOC_STRINGS = NO;
				SWIFT_VERSION = 5.0;
				TARGETED_DEVICE_FAMILY = "1,2";
				TEST_HOST = "$(BUILT_PRODUCTS_DIR)/Chungler.app/$(BUNDLE_EXECUTABLE_FOLDER_PATH)/Chungler";
			};
			name = Debug;
		};
		4FF34C842A6FB7EB0059ACB3 /* Release */ = {
			isa = XCBuildConfiguration;
			buildSettings = {
				ALWAYS_EMBED_SWIFT_STANDARD_LIBRARIES = YES;
				BUNDLE_LOADER = "$(TEST_HOST)";
				CODE_SIGN_STYLE = Automatic;
				CURRENT_PROJECT_VERSION = 1;
				DEVELOPMENT_TEAM = R6DR6B5C8B;
				GENERATE_INFOPLIST_FILE = YES;
				IPHONEOS_DEPLOYMENT_TARGET = 16.4;
				MACOSX_DEPLOYMENT_TARGET = 13.3;
				MARKETING_VERSION = 1.0;
				PRODUCT_BUNDLE_IDENTIFIER = com.menalto.ChunglerTests;
				PRODUCT_NAME = "$(TARGET_NAME)";
				SDKROOT = auto;
				SUPPORTED_PLATFORMS = "iphoneos iphonesimulator macosx";
				SWIFT_EMIT_LOC_STRINGS = NO;
				SWIFT_VERSION = 5.0;
				TARGETED_DEVICE_FAMILY = "1,2";
				TEST_HOST = "$(BUILT_PRODUCTS_DIR)/Chungler.app/$(BUNDLE_EXECUTABLE_FOLDER_PATH)/Chungler";
			};
			name = Release;
		};
		4FF34C862A6FB7EB0059ACB3 /* Debug */ = {
			isa = XCBuildConfiguration;
			buildSettings = {
				ALWAYS_EMBED_SWIFT_STANDARD_LIBRARIES = YES;
				CODE_SIGN_STYLE = Automatic;
				CURRENT_PROJECT_VERSION = 1;
				DEVELOPMENT_TEAM = R6DR6B5C8B;
				GENERATE_INFOPLIST_FILE = YES;
				IPHONEOS_DEPLOYMENT_TARGET = 16.4;
				MACOSX_DEPLOYMENT_TARGET = 13.3;
				MARKETING_VERSION = 1.0;
				PRODUCT_BUNDLE_IDENTIFIER = com.menalto.ChunglerUITests;
				PRODUCT_NAME = "$(TARGET_NAME)";
				SDKROOT = auto;
				SUPPORTED_PLATFORMS = "iphoneos iphonesimulator macosx";
				SWIFT_EMIT_LOC_STRINGS = NO;
				SWIFT_VERSION = 5.0;
				TARGETED_DEVICE_FAMILY = "1,2";
				TEST_TARGET_NAME = Chungler;
			};
			name = Debug;
		};
		4FF34C872A6FB7EB0059ACB3 /* Release */ = {
			isa = XCBuildConfiguration;
			buildSettings = {
				ALWAYS_EMBED_SWIFT_STANDARD_LIBRARIES = YES;
				CODE_SIGN_STYLE = Automatic;
				CURRENT_PROJECT_VERSION = 1;
				DEVELOPMENT_TEAM = R6DR6B5C8B;
				GENERATE_INFOPLIST_FILE = YES;
				IPHONEOS_DEPLOYMENT_TARGET = 16.4;
				MACOSX_DEPLOYMENT_TARGET = 13.3;
				MARKETING_VERSION = 1.0;
				PRODUCT_BUNDLE_IDENTIFIER = com.menalto.ChunglerUITests;
				PRODUCT_NAME = "$(TARGET_NAME)";
				SDKROOT = auto;
				SUPPORTED_PLATFORMS = "iphoneos iphonesimulator macosx";
				SWIFT_EMIT_LOC_STRINGS = NO;
				SWIFT_VERSION = 5.0;
				TARGETED_DEVICE_FAMILY = "1,2";
				TEST_TARGET_NAME = Chungler;
			};
			name = Release;
		};
/* End XCBuildConfiguration section */

/* Begin XCConfigurationList section */
		4FF34C552A6FB7EA0059ACB3 /* Build configuration list for PBXProject "Chungler" */ = {
			isa = XCConfigurationList;
			buildConfigurations = (
				4FF34C7D2A6FB7EB0059ACB3 /* Debug */,
				4FF34C7E2A6FB7EB0059ACB3 /* Release */,
			);
			defaultConfigurationIsVisible = 0;
			defaultConfigurationName = Release;
		};
		4FF34C7F2A6FB7EB0059ACB3 /* Build configuration list for PBXNativeTarget "Chungler" */ = {
			isa = XCConfigurationList;
			buildConfigurations = (
				4FF34C802A6FB7EB0059ACB3 /* Debug */,
				4FF34C812A6FB7EB0059ACB3 /* Release */,
			);
			defaultConfigurationIsVisible = 0;
			defaultConfigurationName = Release;
		};
		4FF34C822A6FB7EB0059ACB3 /* Build configuration list for PBXNativeTarget "ChunglerTests" */ = {
			isa = XCConfigurationList;
			buildConfigurations = (
				4FF34C832A6FB7EB0059ACB3 /* Debug */,
				4FF34C842A6FB7EB0059ACB3 /* Release */,
			);
			defaultConfigurationIsVisible = 0;
			defaultConfigurationName = Release;
		};
		4FF34C852A6FB7EB0059ACB3 /* Build configuration list for PBXNativeTarget "ChunglerUITests" */ = {
			isa = XCConfigurationList;
			buildConfigurations = (
				4FF34C862A6FB7EB0059ACB3 /* Debug */,
				4FF34C872A6FB7EB0059ACB3 /* Release */,
			);
			defaultConfigurationIsVisible = 0;
			defaultConfigurationName = Release;
		};
/* End XCConfigurationList section */

/* Begin XCRemoteSwiftPackageReference section */
		4F8268352A797953003BBD13 /* XCRemoteSwiftPackageReference "ChatGPTKit" */ = {
			isa = XCRemoteSwiftPackageReference;
			repositoryURL = "https://github.com/heysaik/ChatGPTKit";
			requirement = {
				branch = main;
				kind = branch;
			};
		};
/* End XCRemoteSwiftPackageReference section */

/* Begin XCSwiftPackageProductDependency section */
		4F8268362A797953003BBD13 /* ChatGPTKit */ = {
			isa = XCSwiftPackageProductDependency;
			package = 4F8268352A797953003BBD13 /* XCRemoteSwiftPackageReference "ChatGPTKit" */;
			productName = ChatGPTKit;
		};
/* End XCSwiftPackageProductDependency section */
	};
	rootObject = 4FF34C522A6FB7EA0059ACB3 /* Project object */;
}
